
Microsoft Visual Studio Solution File, Format Version 12.00
# Visual Studio Version 17
VisualStudioVersion = 17.4.33122.133
MinimumVisualStudioVersion = 10.0.40219.1
Project("{FAE04EC0-301F-11D3-BF4B-00C04F79EFBC}") = "BlazorApp1", "BlazorApp1.csproj", "{D22D71BB-F404-43A1-81D5-AE0067203712}"
EndProject
Global
	GlobalSection(SolutionConfigurationPlatforms) = preSolution
		Debug|Any CPU = Debug|Any CPU
		Release|Any CPU = Release|Any CPU
	EndGlobalSection
	GlobalSection(ProjectConfigurationPlatforms) = postSolution
		{D22D71BB-F404-43A1-81D5-AE0067203712}.Debug|Any CPU.ActiveCfg = Debug|Any CPU
		{D22D71BB-F404-43A1-81D5-AE0067203712}.Debug|Any CPU.Build.0 = Debug|Any CPU
		{D22D71BB-F404-43A1-81D5-AE0067203712}.Release|Any CPU.ActiveCfg = Release|Any CPU
		{D22D71BB-F404-43A1-81D5-AE0067203712}.Release|Any CPU.Build.0 = Release|Any CPU
	EndGlobalSection
	GlobalSection(SolutionProperties) = preSolution
		HideSolutionNode = FALSE
	EndGlobalSection
	GlobalSection(ExtensibilityGlobals) = postSolution
		SolutionGuid = {4916315B-D6BD-4E3C-92CC-A546440BCB2E}
	EndGlobalSection
EndGlobal
